
Microsoft Visual Studio Solution File, Format Version 12.00
# Visual Studio Version 16
VisualStudioVersion = 16.0.32002.261
MinimumVisualStudioVersion = 10.0.40219.1
Project("{9A19103F-16F7-4668-BE54-9A1E7A4F7556}") = "WebApplication1", "WebApplication1.csproj", "{E356581F-A3B8-4EC0-8ABC-D8A8D89E5C67}"
EndProject
Project("{FAE04EC0-301F-11D3-BF4B-00C04F79EFBC}") = "WepApp.Repository", "..\WepApp.Repository\WepApp.Repository.csproj", "{B655AB50-2F0F-4E67-BB1D-392413F19518}"
EndProject
Global
	GlobalSection(SolutionConfigurationPlatforms) = preSolution
		Debug|Any CPU = Debug|Any CPU
		Release|Any CPU = Release|Any CPU
	EndGlobalSection
	GlobalSection(ProjectConfigurationPlatforms) = postSolution
		{E356581F-A3B8-4EC0-8ABC-D8A8D89E5C67}.Debug|Any CPU.ActiveCfg = Debug|Any CPU
		{E356581F-A3B8-4EC0-8ABC-D8A8D89E5C67}.Debug|Any CPU.Build.0 = Debug|Any CPU
		{E356581F-A3B8-4EC0-8ABC-D8A8D89E5C67}.Release|Any CPU.ActiveCfg = Release|Any CPU
		{E356581F-A3B8-4EC0-8ABC-D8A8D89E5C67}.Release|Any CPU.Build.0 = Release|Any CPU
		{B655AB50-2F0F-4E67-BB1D-392413F19518}.Debug|Any CPU.ActiveCfg = Debug|Any CPU
		{B655AB50-2F0F-4E67-BB1D-392413F19518}.Debug|Any CPU.Build.0 = Debug|Any CPU
		{B655AB50-2F0F-4E67-BB1D-392413F19518}.Release|Any CPU.ActiveCfg = Release|Any CPU
		{B655AB50-2F0F-4E67-BB1D-392413F19518}.Release|Any CPU.Build.0 = Release|Any CPU
	EndGlobalSection
	GlobalSection(SolutionProperties) = preSolution
		HideSolutionNode = FALSE
	EndGlobalSection
	GlobalSection(ExtensibilityGlobals) = postSolution
		SolutionGuid = {7DC8DF63-FB9B-4BC4-BA7B-027D810A3720}
	EndGlobalSection
EndGlobal
